
Microsoft Visual Studio Solution File, Format Version 12.00
# Visual Studio Version 17
VisualStudioVersion = 17.0.32014.148
MinimumVisualStudioVersion = 10.0.40219.1
Project("{9A19103F-16F7-4668-BE54-9A1E7A4F7556}") = "TestAPIS", "TestAPIS\TestAPIS.csproj", "{A0B3EBA9-3003-4580-AD98-284E4AB03AF3}"
EndProject
Project("{FAE04EC0-301F-11D3-BF4B-00C04F79EFBC}") = "ConvertJsonToString", "ConvertJsonToString\ConvertJsonToString.csproj", "{340BA990-1925-4C61-8E80-2F0525116A28}"
EndProject
Global
	GlobalSection(SolutionConfigurationPlatforms) = preSolution
		Debug|Any CPU = Debug|Any CPU
		Release|Any CPU = Release|Any CPU
	EndGlobalSection
	GlobalSection(ProjectConfigurationPlatforms) = postSolution
		{A0B3EBA9-3003-4580-AD98-284E4AB03AF3}.Debug|Any CPU.ActiveCfg = Debug|Any CPU
		{A0B3EBA9-3003-4580-AD98-284E4AB03AF3}.Debug|Any CPU.Build.0 = Debug|Any CPU
		{A0B3EBA9-3003-4580-AD98-284E4AB03AF3}.Release|Any CPU.ActiveCfg = Release|Any CPU
		{A0B3EBA9-3003-4580-AD98-284E4AB03AF3}.Release|Any CPU.Build.0 = Release|Any CPU
		{340BA990-1925-4C61-8E80-2F0525116A28}.Debug|Any CPU.ActiveCfg = Debug|Any CPU
		{340BA990-1925-4C61-8E80-2F0525116A28}.Debug|Any CPU.Build.0 = Debug|Any CPU
		{340BA990-1925-4C61-8E80-2F0525116A28}.Release|Any CPU.ActiveCfg = Release|Any CPU
		{340BA990-1925-4C61-8E80-2F0525116A28}.Release|Any CPU.Build.0 = Release|Any CPU
	EndGlobalSection
	GlobalSection(SolutionProperties) = preSolution
		HideSolutionNode = FALSE
	EndGlobalSection
	GlobalSection(ExtensibilityGlobals) = postSolution
		SolutionGuid = {04AFD541-335C-449D-A12E-99E356A760B6}
	EndGlobalSection
EndGlobal
